
Microsoft Visual Studio Solution File, Format Version 12.00
# Visual Studio Version 17
VisualStudioVersion = 17.14.37411.7 d17.14
MinimumVisualStudioVersion = 10.0.40219.1
Project("{FAE04EC0-301F-11D3-BF4B-00C04F79EFBC}") = "SpectrogramTool.Wpf", "SpectrogramTool.Wpf\SpectrogramTool.Wpf.csproj", "{84C8505E-00F2-4F1B-94A4-BA89A84F37DA}"
EndProject
Project("{FAE04EC0-301F-11D3-BF4B-00C04F79EFBC}") = "Spectrogram", "Spectrogram\Spectrogram.csproj", "{F735D465-6066-454F-BE83-C1F183E37AA1}"
EndProject
Global
	GlobalSection(SolutionConfigurationPlatforms) = preSolution
		Debug|Any CPU = Debug|Any CPU
		Release|Any CPU = Release|Any CPU
	EndGlobalSection
	GlobalSection(ProjectConfigurationPlatforms) = postSolution
		{84C8505E-00F2-4F1B-94A4-BA89A84F37DA}.Debug|Any CPU.ActiveCfg = Debug|Any CPU
		{84C8505E-00F2-4F1B-94A4-BA89A84F37DA}.Debug|Any CPU.Build.0 = Debug|Any CPU
		{84C8505E-00F2-4F1B-94A4-BA89A84F37DA}.Release|Any CPU.ActiveCfg = Release|Any CPU
		{84C8505E-00F2-4F1B-94A4-BA89A84F37DA}.Release|Any CPU.Build.0 = Release|Any CPU
		{F735D465-6066-454F-BE83-C1F183E37AA1}.Debug|Any CPU.ActiveCfg = Debug|Any CPU
		{F735D465-6066-454F-BE83-C1F183E37AA1}.Debug|Any CPU.Build.0 = Debug|Any CPU
		{F735D465-6066-454F-BE83-C1F183E37AA1}.Release|Any CPU.ActiveCfg = Release|Any CPU
		{F735D465-6066-454F-BE83-C1F183E37AA1}.Release|Any CPU.Build.0 = Release|Any CPU
	EndGlobalSection
	GlobalSection(SolutionProperties) = preSolution
		HideSolutionNode = FALSE
	EndGlobalSection
	GlobalSection(ExtensibilityGlobals) = postSolution
		SolutionGuid = {3726D10A-228D-4A0F-98EF-8797E9F2C436}
	EndGlobalSection
EndGlobal
